// !$*UTF8*$!
{
	archiveVersion = 1;
	classes = {
	};
	objectVersion = 50;
	objects = {

/* Begin PBXBuildFile section */
		73417B7B97DC517ED0CAAC11 /* Pods_RxSwiftStudyDemo.framework in Frameworks */ = {isa = PBXBuildFile; fileRef = C7AB7804B0442FC0BC9EFBF9 /* Pods_RxSwiftStudyDemo.framework */; };
		A1072DFE2180462B005A0372 /* MainViewController.swift in Sources */ = {isa = PBXBuildFile; fileRef = A1072DFD2180462B005A0372 /* MainViewController.swift */; };
		A135D63D218FE09A00A11A2F /* TableEditingCommand.swift in Sources */ = {isa = PBXBuildFile; fileRef = A135D63C218FE09A00A11A2F /* TableEditingCommand.swift */; };
		A135D63F218FE0D700A11A2F /* TableViewModel.swift in Sources */ = {isa = PBXBuildFile; fileRef = A135D63E218FE0D700A11A2F /* TableViewModel.swift */; };
		A1DE44B3217C26630061E5FA /* AppDelegate.swift in Sources */ = {isa = PBXBuildFile; fileRef = A1DE44B2217C26630061E5FA /* AppDelegate.swift */; };
		A1DE44B5217C26630061E5FA /* ViewController.swift in Sources */ = {isa = PBXBuildFile; fileRef = A1DE44B4217C26630061E5FA /* ViewController.swift */; };
		A1DE44B8217C26630061E5FA /* Main.storyboard in Resources */ = {isa = PBXBuildFile; fileRef = A1DE44B6217C26630061E5FA /* Main.storyboard */; };
		A1DE44BA217C26640061E5FA /* Assets.xcassets in Resources */ = {isa = PBXBuildFile; fileRef = A1DE44B9217C26640061E5FA /* Assets.xcassets */; };
		A1DE44BD217C26640061E5FA /* LaunchScreen.storyboard in Resources */ = {isa = PBXBuildFile; fileRef = A1DE44BB217C26640061E5FA /* LaunchScreen.storyboard */; };
/* End PBXBuildFile section */

/* Begin PBXFileReference section */
		085096E21FD239EADC7010A6 /* Pods-RxSwiftStudyDemo.release.xcconfig */ = {isa = PBXFileReference; includeInIndex = 1; lastKnownFileType = text.xcconfig; name = "Pods-RxSwiftStudyDemo.release.xcconfig"; path = "Pods/Target Support Files/Pods-RxSwiftStudyDemo/Pods-RxSwiftStudyDemo.release.xcconfig"; sourceTree = "<group>"; };
		A1072DFD2180462B005A0372 /* MainViewController.swift */ = {isa = PBXFileReference; lastKnownFileType = sourcecode.swift; path = MainViewController.swift; sourceTree = "<group>"; };
		A135D63C218FE09A00A11A2F /* TableEditingCommand.swift */ = {isa = PBXFileReference; lastKnownFileType = sourcecode.swift; path = TableEditingCommand.swift; sourceTree = "<group>"; };
		A135D63E218FE0D700A11A2F /* TableViewModel.swift */ = {isa = PBXFileReference; lastKnownFileType = sourcecode.swift; path = TableViewModel.swift; sourceTree = "<group>"; };
		A1DE44AF217C26630061E5FA /* RxSwiftStudyDemo.app */ = {isa = PBXFileReference; explicitFileType = wrapper.application; includeInIndex = 0; path = RxSwiftStudyDemo.app; sourceTree = BUILT_PRODUCTS_DIR; };
		A1DE44B2217C26630061E5FA /* AppDelegate.swift */ = {isa = PBXFileReference; lastKnownFileType = sourcecode.swift; path = AppDelegate.swift; sourceTree = "<group>"; };
		A1DE44B4217C26630061E5FA /* ViewController.swift */ = {isa = PBXFileReference; lastKnownFileType = sourcecode.swift; path = ViewController.swift; sourceTree = "<group>"; };
		A1DE44B7217C26630061E5FA /* Base */ = {isa = PBXFileReference; lastKnownFileType = file.storyboard; name = Base; path = Base.lproj/Main.storyboard; sourceTree = "<group>"; };
		A1DE44B9217C26640061E5FA /* Assets.xcassets */ = {isa = PBXFileReference; lastKnownFileType = folder.assetcatalog; path = Assets.xcassets; sourceTree = "<group>"; };
		A1DE44BC217C26640061E5FA /* Base */ = {isa = PBXFileReference; lastKnownFileType = file.storyboard; name = Base; path = Base.lproj/LaunchScreen.storyboard; sourceTree = "<group>"; };
		A1DE44BE217C26640061E5FA /* Info.plist */ = {isa = PBXFileReference; lastKnownFileType = text.plist.xml; path = Info.plist; sourceTree = "<group>"; };
		C7AB7804B0442FC0BC9EFBF9 /* Pods_RxSwiftStudyDemo.framework */ = {isa = PBXFileReference; explicitFileType = wrapper.framework; includeInIndex = 0; path = Pods_RxSwiftStudyDemo.framework; sourceTree = BUILT_PRODUCTS_DIR; };
		F46B2F6177C5AA51C13E068B /* Pods-RxSwiftStudyDemo.debug.xcconfig */ = {isa = PBXFileReference; includeInIndex = 1; lastKnownFileType = text.xcconfig; name = "Pods-RxSwiftStudyDemo.debug.xcconfig"; path = "Pods/Target Support Files/Pods-RxSwiftStudyDemo/Pods-RxSwiftStudyDemo.debug.xcconfig"; sourceTree = "<group>"; };
/* End PBXFileReference section */

/* Begin PBXFrameworksBuildPhase section */
		A1DE44AC217C26630061E5FA /* Frameworks */ = {
			isa = PBXFrameworksBuildPhase;
			buildActionMask = 2147483647;
			files = (
				73417B7B97DC517ED0CAAC11 /* Pods_RxSwiftStudyDemo.framework in Frameworks */,
			);
			runOnlyForDeploymentPostprocessing = 0;
		};
/* End PBXFrameworksBuildPhase section */

/* Begin PBXGroup section */
		240F5317E9B6B7560B7AD3E2 /* Pods */ = {
			isa = PBXGroup;
			children = (
				F46B2F6177C5AA51C13E068B /* Pods-RxSwiftStudyDemo.debug.xcconfig */,
				085096E21FD239EADC7010A6 /* Pods-RxSwiftStudyDemo.release.xcconfig */,
			);
			name = Pods;
			sourceTree = "<group>";
		};
		A1DE44A6217C26630061E5FA = {
			isa = PBXGroup;
			children = (
				A1DE44B1217C26630061E5FA /* RxSwiftStudyDemo */,
				A1DE44B0217C26630061E5FA /* Products */,
				240F5317E9B6B7560B7AD3E2 /* Pods */,
				DE585BFA005AB7DD76C2CA64 /* Frameworks */,
			);
			sourceTree = "<group>";
		};
		A1DE44B0217C26630061E5FA /* Products */ = {
			isa = PBXGroup;
			children = (
				A1DE44AF217C26630061E5FA /* RxSwiftStudyDemo.app */,
			);
			name = Products;
			sourceTree = "<group>";
		};
		A1DE44B1217C26630061E5FA /* RxSwiftStudyDemo */ = {
			isa = PBXGroup;
			children = (
				A1DE44B2217C26630061E5FA /* AppDelegate.swift */,
				A1DE44B4217C26630061E5FA /* ViewController.swift */,
				A1DE44B6217C26630061E5FA /* Main.storyboard */,
				A1072DFD2180462B005A0372 /* MainViewController.swift */,
				A1DE44B9217C26640061E5FA /* Assets.xcassets */,
				A1DE44BB217C26640061E5FA /* LaunchScreen.storyboard */,
				A1DE44BE217C26640061E5FA /* Info.plist */,
				A135D63C218FE09A00A11A2F /* TableEditingCommand.swift */,
				A135D63E218FE0D700A11A2F /* TableViewModel.swift */,
			);
			path = RxSwiftStudyDemo;
			sourceTree = "<group>";
		};
		DE585BFA005AB7DD76C2CA64 /* Frameworks */ = {
			isa = PBXGroup;
			children = (
				C7AB7804B0442FC0BC9EFBF9 /* Pods_RxSwiftStudyDemo.framework */,
			);
			name = Frameworks;
			sourceTree = "<group>";
		};
/* End PBXGroup section */

/* Begin PBXNativeTarget section */
		A1DE44AE217C26630061E5FA /* RxSwiftStudyDemo */ = {
			isa = PBXNativeTarget;
			buildConfigurationList = A1DE44C1217C26640061E5FA /* Build configuration list for PBXNativeTarget "RxSwiftStudyDemo" */;
			buildPhases = (
				36171031FCF23829086FF1FC /* [CP] Check Pods Manifest.lock */,
				A1DE44AB217C26630061E5FA /* Sources */,
				A1DE44AC217C26630061E5FA /* Frameworks */,
				A1DE44AD217C26630061E5FA /* Resources */,
				72B04A08EB9664EE9813808D /* [CP] Embed Pods Frameworks */,
			);
			buildRules = (
			);
			dependencies = (
			);
			name = RxSwiftStudyDemo;
			productName = RxSwiftStudyDemo;
			productReference = A1DE44AF217C26630061E5FA /* RxSwiftStudyDemo.app */;
			productType = "com.apple.product-type.application";
		};
/* End PBXNativeTarget section */

/* Begin PBXProject section */
		A1DE44A7217C26630061E5FA /* Project object */ = {
			isa = PBXProject;
			attributes = {
				LastSwiftUpdateCheck = 1000;
				LastUpgradeCheck = 1000;
				ORGANIZATIONNAME = emily;
				TargetAttributes = {
					A1DE44AE217C26630061E5FA = {
						CreatedOnToolsVersion = 10.0;
					};
				};
			};
			buildConfigurationList = A1DE44AA217C26630061E5FA /* Build configuration list for PBXProject "RxSwiftStudyDemo" */;
			compatibilityVersion = "Xcode 9.3";
			developmentRegion = en;
			hasScannedForEncodings = 0;
			knownRegions = (
				en,
				Base,
			);
			mainGroup = A1DE44A6217C26630061E5FA;
			productRefGroup = A1DE44B0217C26630061E5FA /* Products */;
			projectDirPath = "";
			projectRoot = "";
			targets = (
				A1DE44AE217C26630061E5FA /* RxSwiftStudyDemo */,
			);
		};
/* End PBXProject section */

/* Begin PBXResourcesBuildPhase section */
		A1DE44AD217C26630061E5FA /* Resources */ = {
			isa = PBXResourcesBuildPhase;
			buildActionMask = 2147483647;
			files = (
				A1DE44BD217C26640061E5FA /* LaunchScreen.storyboard in Resources */,
				A1DE44BA217C26640061E5FA /* Assets.xcassets in Resources */,
				A1DE44B8217C26630061E5FA /* Main.storyboard in Resources */,
			);
			runOnlyForDeploymentPostprocessing = 0;
		};
/* End PBXResourcesBuildPhase section */

/* Begin PBXShellScriptBuildPhase section */
		36171031FCF23829086FF1FC /* [CP] Check Pods Manifest.lock */ = {
			isa = PBXShellScriptBuildPhase;
			buildActionMask = 2147483647;
			files = (
			);
			inputPaths = (
				"${PODS_PODFILE_DIR_PATH}/Podfile.lock",
				"${PODS_ROOT}/Manifest.lock",
			);
			name = "[CP] Check Pods Manifest.lock";
			outputPaths = (
				"$(DERIVED_FILE_DIR)/Pods-RxSwiftStudyDemo-checkManifestLockResult.txt",
			);
			runOnlyForDeploymentPostprocessing = 0;
			shellPath = /bin/sh;
			shellScript = "diff \"${PODS_PODFILE_DIR_PATH}/Podfile.lock\" \"${PODS_ROOT}/Manifest.lock\" > /dev/null\nif [ $? != 0 ] ; then\n    # print error to STDERR\n    echo \"error: The sandbox is not in sync with the Podfile.lock. Run 'pod install' or update your CocoaPods installation.\" >&2\n    exit 1\nfi\n# This output is used by Xcode 'outputs' to avoid re-running this script phase.\necho \"SUCCESS\" > \"${SCRIPT_OUTPUT_FILE_0}\"\n";
			showEnvVarsInLog = 0;
		};
		72B04A08EB9664EE9813808D /* [CP] Embed Pods Frameworks */ = {
			isa = PBXShellScriptBuildPhase;
			buildActionMask = 2147483647;
			files = (
			);
			inputPaths = (
				"${SRCROOT}/Pods/Target Support Files/Pods-RxSwiftStudyDemo/Pods-RxSwiftStudyDemo-frameworks.sh",
				"${BUILT_PRODUCTS_DIR}/Differentiator/Differentiator.framework",
				"${BUILT_PRODUCTS_DIR}/RxCocoa/RxCocoa.framework",
				"${BUILT_PRODUCTS_DIR}/RxDataSources/RxDataSources.framework",
				"${BUILT_PRODUCTS_DIR}/RxSwift/RxSwift.framework",
			);
			name = "[CP] Embed Pods Frameworks";
			outputPaths = (
				"${TARGET_BUILD_DIR}/${FRAMEWORKS_FOLDER_PATH}/Differentiator.framework",
				"${TARGET_BUILD_DIR}/${FRAMEWORKS_FOLDER_PATH}/RxCocoa.framework",
				"${TARGET_BUILD_DIR}/${FRAMEWORKS_FOLDER_PATH}/RxDataSources.framework",
				"${TARGET_BUILD_DIR}/${FRAMEWORKS_FOLDER_PATH}/RxSwift.framework",
			);
			runOnlyForDeploymentPostprocessing = 0;
			shellPath = /bin/sh;
			shellScript = "\"${SRCROOT}/Pods/Target Support Files/Pods-RxSwiftStudyDemo/Pods-RxSwiftStudyDemo-frameworks.sh\"\n";
			showEnvVarsInLog = 0;
		};
/* End PBXShellScriptBuildPhase section */

/* Begin PBXSourcesBuildPhase section */
		A1DE44AB217C26630061E5FA /* Sources */ = {
			isa = PBXSourcesBuildPhase;
			buildActionMask = 2147483647;
			files = (
				A1072DFE2180462B005A0372 /* MainViewController.swift in Sources */,
				A135D63F218FE0D700A11A2F /* TableViewModel.swift in Sources */,
				A1DE44B5217C26630061E5FA /* ViewController.swift in Sources */,
				A1DE44B3217C26630061E5FA /* AppDelegate.swift in Sources */,
				A135D63D218FE09A00A11A2F /* TableEditingCommand.swift in Sources */,
			);
			runOnlyForDeploymentPostprocessing = 0;
		};
/* End PBXSourcesBuildPhase section */

/* Begin PBXVariantGroup section */
		A1DE44B6217C26630061E5FA /* Main.storyboard */ = {
			isa = PBXVariantGroup;
			children = (
				A1DE44B7217C26630061E5FA /* Base */,
			);
			name = Main.storyboard;
			sourceTree = "<group>";
		};
		A1DE44BB217C26640061E5FA /* LaunchScreen.storyboard */ = {
			isa = PBXVariantGroup;
			children = (
				A1DE44BC217C26640061E5FA /* Base */,
			);
			name = LaunchScreen.storyboard;
			sourceTree = "<group>";
		};
/* End PBXVariantGroup section */

/* Begin XCBuildConfiguration section */
		A1DE44BF217C26640061E5FA /* Debug */ = {
			isa = XCBuildConfiguration;
			buildSettings = {
				ALWAYS_SEARCH_USER_PATHS = NO;
				CLANG_ANALYZER_NONNULL = YES;
				CLANG_ANALYZER_NUMBER_OBJECT_CONVERSION = YES_AGGRESSIVE;
				CLANG_CXX_LANGUAGE_STANDARD = "gnu++14";
				CLANG_CXX_LIBRARY = "libc++";
				CLANG_ENABLE_MODULES = YES;
				CLANG_ENABLE_OBJC_ARC = YES;
				CLANG_ENABLE_OBJC_WEAK = YES;
				CLANG_WARN_BLOCK_CAPTURE_AUTORELEASING = YES;
				CLANG_WARN_BOOL_CONVERSION = YES;
				CLANG_WARN_COMMA = YES;
				CLANG_WARN_CONSTANT_CONVERSION = YES;
				CLANG_WARN_DEPRECATED_OBJC_IMPLEMENTATIONS = YES;
				CLANG_WARN_DIRECT_OBJC_ISA_USAGE = YES_ERROR;
				CLANG_WARN_DOCUMENTATION_COMMENTS = YES;
				CLANG_WARN_EMPTY_BODY = YES;
				CLANG_WARN_ENUM_CONVERSION = YES;
				CLANG_WARN_INFINITE_RECURSION = YES;
				CLANG_WARN_INT_CONVERSION = YES;
				CLANG_WARN_NON_LITERAL_NULL_CONVERSION = YES;
				CLANG_WARN_OBJC_IMPLICIT_RETAIN_SELF = YES;
				CLANG_WARN_OBJC_LITERAL_CONVERSION = YES;
				CLANG_WARN_OBJC_ROOT_CLASS = YES_ERROR;
				CLANG_WARN_RANGE_LOOP_ANALYSIS = YES;
				CLANG_WARN_STRICT_PROTOTYPES = YES;
				CLANG_WARN_SUSPICIOUS_MOVE = YES;
				CLANG_WARN_UNGUARDED_AVAILABILITY = YES_AGGRESSIVE;
				CLANG_WARN_UNREACHABLE_CODE = YES;
				CLANG_WARN__DUPLICATE_METHOD_MATCH = YES;
				CODE_SIGN_IDENTITY = "iPhone Developer";
				COPY_PHASE_STRIP = NO;
				DEBUG_INFORMATION_FORMAT = dwarf;
				ENABLE_STRICT_OBJC_MSGSEND = YES;
				ENABLE_TESTABILITY = YES;
				GCC_C_LANGUAGE_STANDARD = gnu11;
				GCC_DYNAMIC_NO_PIC = NO;
				GCC_NO_COMMON_BLOCKS = YES;
				GCC_OPTIMIZATION_LEVEL = 0;
				GCC_PREPROCESSOR_DEFINITIONS = (
					"DEBUG=1",
					"$(inherited)",
				);
				GCC_WARN_64_TO_32_BIT_CONVERSION = YES;
				GCC_WARN_ABOUT_RETURN_TYPE = YES_ERROR;
				GCC_WARN_UNDECLARED_SELECTOR = YES;
				GCC_WARN_UNINITIALIZED_AUTOS = YES_AGGRESSIVE;
				GCC_WARN_UNUSED_FUNCTION = YES;
				GCC_WARN_UNUSED_VARIABLE = YES;
				IPHONEOS_DEPLOYMENT_TARGET = 12.0;
				MTL_ENABLE_DEBUG_INFO = INCLUDE_SOURCE;
				MTL_FAST_MATH = YES;
				ONLY_ACTIVE_ARCH = YES;
				SDKROOT = iphoneos;
				SWIFT_ACTIVE_COMPILATION_CONDITIONS = DEBUG;
				SWIFT_OPTIMIZATION_LEVEL = "-Onone";
			};
			name = Debug;
		};
		A1DE44C0217C26640061E5FA /* Release */ = {
			isa = XCBuildConfiguration;
			buildSettings = {
				ALWAYS_SEARCH_USER_PATHS = NO;
				CLANG_ANALYZER_NONNULL = YES;
				CLANG_ANALYZER_NUMBER_OBJECT_CONVERSION = YES_AGGRESSIVE;
				CLANG_CXX_LANGUAGE_STANDARD = "gnu++14";
				CLANG_CXX_LIBRARY = "libc++";
				CLANG_ENABLE_MODULES = YES;
				CLANG_ENABLE_OBJC_ARC = YES;
				CLANG_ENABLE_OBJC_WEAK = YES;
				CLANG_WARN_BLOCK_CAPTURE_AUTORELEASING = YES;
				CLANG_WARN_BOOL_CONVERSION = YES;
				CLANG_WARN_COMMA = YES;
				CLANG_WARN_CONSTANT_CONVERSION = YES;
				CLANG_WARN_DEPRECATED_OBJC_IMPLEMENTATIONS = YES;
				CLANG_WARN_DIRECT_OBJC_ISA_USAGE = YES_ERROR;
				CLANG_WARN_DOCUMENTATION_COMMENTS = YES;
				CLANG_WARN_EMPTY_BODY = YES;
				CLANG_WARN_ENUM_CONVERSION = YES;
				CLANG_WARN_INFINITE_RECURSION = YES;
				CLANG_WARN_INT_CONVERSION = YES;
				CLANG_WARN_NON_LITERAL_NULL_CONVERSION = YES;
				CLANG_WARN_OBJC_IMPLICIT_RETAIN_SELF = YES;
				CLANG_WARN_OBJC_LITERAL_CONVERSION = YES;
				CLANG_WARN_OBJC_ROOT_CLASS = YES_ERROR;
				CLANG_WARN_RANGE_LOOP_ANALYSIS = YES;
				CLANG_WARN_STRICT_PROTOTYPES = YES;
				CLANG_WARN_SUSPICIOUS_MOVE = YES;
				CLANG_WARN_UNGUARDED_AVAILABILITY = YES_AGGRESSIVE;
				CLANG_WARN_UNREACHABLE_CODE = YES;
				CLANG_WARN__DUPLICATE_METHOD_MATCH = YES;
				CODE_SIGN_IDENTITY = "iPhone Developer";
				COPY_PHASE_STRIP = NO;
				DEBUG_INFORMATION_FORMAT = "dwarf-with-dsym";
				ENABLE_NS_ASSERTIONS = NO;
				ENABLE_STRICT_OBJC_MSGSEND = YES;
				GCC_C_LANGUAGE_STANDARD = gnu11;
				GCC_NO_COMMON_BLOCKS = YES;
				GCC_WARN_64_TO_32_BIT_CONVERSION = YES;
				GCC_WARN_ABOUT_RETURN_TYPE = YES_ERROR;
				GCC_WARN_UNDECLARED_SELECTOR = YES;
				GCC_WARN_UNINITIALIZED_AUTOS = YES_AGGRESSIVE;
				GCC_WARN_UNUSED_FUNCTION = YES;
				GCC_WARN_UNUSED_VARIABLE = YES;
				IPHONEOS_DEPLOYMENT_TARGET = 12.0;
				MTL_ENABLE_DEBUG_INFO = NO;
				MTL_FAST_MATH = YES;
				SDKROOT = iphoneos;
				SWIFT_COMPILATION_MODE = wholemodule;
				SWIFT_OPTIMIZATION_LEVEL = "-O";
				VALIDATE_PRODUCT = YES;
			};
			name = Release;
		};
		A1DE44C2217C26640061E5FA /* Debug */ = {
			isa = XCBuildConfiguration;
			baseConfigurationReference = F46B2F6177C5AA51C13E068B /* Pods-RxSwiftStudyDemo.debug.xcconfig */;
			buildSettings = {
				ASSETCATALOG_COMPILER_APPICON_NAME = AppIcon;
				CODE_SIGN_STYLE = Automatic;
				DEVELOPMENT_TEAM = XA34FPD68L;
				INFOPLIST_FILE = RxSwiftStudyDemo/Info.plist;
				LD_RUNPATH_SEARCH_PATHS = (
					"$(inherited)",
					"@executable_path/Frameworks",
				);
				PRODUCT_BUNDLE_IDENTIFIER = com.hsxi.RxSwiftStudyDemo;
				PRODUCT_NAME = "$(TARGET_NAME)";
				SWIFT_VERSION = 4.2;
				TARGETED_DEVICE_FAMILY = "1,2";
			};
			name = Debug;
		};
		A1DE44C3217C26640061E5FA /* Release */ = {
			isa = XCBuildConfiguration;
			baseConfigurationReference = 085096E21FD239EADC7010A6 /* Pods-RxSwiftStudyDemo.release.xcconfig */;
			buildSettings = {
				ASSETCATALOG_COMPILER_APPICON_NAME = AppIcon;
				CODE_SIGN_STYLE = Automatic;
				DEVELOPMENT_TEAM = XA34FPD68L;
				INFOPLIST_FILE = RxSwiftStudyDemo/Info.plist;
				LD_RUNPATH_SEARCH_PATHS = (
					"$(inherited)",
					"@executable_path/Frameworks",
				);
				PRODUCT_BUNDLE_IDENTIFIER = com.hsxi.RxSwiftStudyDemo;
				PRODUCT_NAME = "$(TARGET_NAME)";
				SWIFT_VERSION = 4.2;
				TARGETED_DEVICE_FAMILY = "1,2";
			};
			name = Release;
		};
/* End XCBuildConfiguration section */

/* Begin XCConfigurationList section */
		A1DE44AA217C26630061E5FA /* Build configuration list for PBXProject "RxSwiftStudyDemo" */ = {
			isa = XCConfigurationList;
			buildConfigurations = (
				A1DE44BF217C26640061E5FA /* Debug */,
				A1DE44C0217C26640061E5FA /* Release */,
			);
			defaultConfigurationIsVisible = 0;
			defaultConfigurationName = Release;
		};
		A1DE44C1217C26640061E5FA /* Build configuration list for PBXNativeTarget "RxSwiftStudyDemo" */ = {
			isa = XCConfigurationList;
			buildConfigurations = (
				A1DE44C2217C26640061E5FA /* Debug */,
				A1DE44C3217C26640061E5FA /* Release */,
			);
			defaultConfigurationIsVisible = 0;
			defaultConfigurationName = Release;
		};
/* End XCConfigurationList section */
	};
	rootObject = A1DE44A7217C26630061E5FA /* Project object */;
}
